
Microsoft Visual Studio Solution File, Format Version 12.00
# Visual Studio Version 17
VisualStudioVersion = 17.8.34525.116
MinimumVisualStudioVersion = 10.0.40219.1
Project("{FAE04EC0-301F-11D3-BF4B-00C04F79EFBC}") = "YappaDevChallenge", "YappaDevChallenge\YappaDevChallenge.csproj", "{B547260F-8CB1-4D4C-B2B6-A3E7388484F7}"
EndProject
Global
	GlobalSection(SolutionConfigurationPlatforms) = preSolution
		Debug|Any CPU = Debug|Any CPU
		Release|Any CPU = Release|Any CPU
	EndGlobalSection
	GlobalSection(ProjectConfigurationPlatforms) = postSolution
		{B547260F-8CB1-4D4C-B2B6-A3E7388484F7}.Debug|Any CPU.ActiveCfg = Debug|Any CPU
		{B547260F-8CB1-4D4C-B2B6-A3E7388484F7}.Debug|Any CPU.Build.0 = Debug|Any CPU
		{B547260F-8CB1-4D4C-B2B6-A3E7388484F7}.Release|Any CPU.ActiveCfg = Release|Any CPU
		{B547260F-8CB1-4D4C-B2B6-A3E7388484F7}.Release|Any CPU.Build.0 = Release|Any CPU
	EndGlobalSection
	GlobalSection(SolutionProperties) = preSolution
		HideSolutionNode = FALSE
	EndGlobalSection
	GlobalSection(ExtensibilityGlobals) = postSolution
		SolutionGuid = {6CA1CB06-DECD-4976-BC36-284FB4FF3D03}
	EndGlobalSection
EndGlobal
